
Microsoft Visual Studio Solution File, Format Version 12.00
# Visual Studio Version 16
VisualStudioVersion = 16.0.30413.136
MinimumVisualStudioVersion = 10.0.40219.1
Project("{FAE04EC0-301F-11D3-BF4B-00C04F79EFBC}") = "WindowsFormsApp1", "WindowsFormsApp1\WindowsFormsApp1.csproj", "{4A365A91-347D-401C-B345-C23E608064DB}"
EndProject
Global
	GlobalSection(SolutionConfigurationPlatforms) = preSolution
		Debug|Any CPU = Debug|Any CPU
		Release|Any CPU = Release|Any CPU
	EndGlobalSection
	GlobalSection(ProjectConfigurationPlatforms) = postSolution
		{4A365A91-347D-401C-B345-C23E608064DB}.Debug|Any CPU.ActiveCfg = Debug|Any CPU
		{4A365A91-347D-401C-B345-C23E608064DB}.Debug|Any CPU.Build.0 = Debug|Any CPU
		{4A365A91-347D-401C-B345-C23E608064DB}.Release|Any CPU.ActiveCfg = Release|Any CPU
		{4A365A91-347D-401C-B345-C23E608064DB}.Release|Any CPU.Build.0 = Release|Any CPU
	EndGlobalSection
	GlobalSection(SolutionProperties) = preSolution
		HideSolutionNode = FALSE
	EndGlobalSection
	GlobalSection(ExtensibilityGlobals) = postSolution
		SolutionGuid = {502066FE-32CE-4C0A-A5C4-DA2685418400}
	EndGlobalSection
EndGlobal
